
Microsoft Visual Studio Solution File, Format Version 11.00
# Visual Studio 2010
Project("{FAE04EC0-301F-11D3-BF4B-00C04F79EFBC}") = "GameOfLife", "GameOfLife\GameOfLife.csproj", "{09A8167F-2629-44AC-8C74-B04C46D72C4D}"
EndProject
Project("{FAE04EC0-301F-11D3-BF4B-00C04F79EFBC}") = "GOL.Models", "..\Library\Models\GOL.Models.csproj", "{8B53BE4A-6C60-4CE3-85D1-C43D5FE21150}"
EndProject
Project("{FAE04EC0-301F-11D3-BF4B-00C04F79EFBC}") = "GOL.Interfaces", "..\Library\Interfaces\GOL.Interfaces.csproj", "{D5BF6448-53BB-4C2F-A7E6-B50C65067F71}"
EndProject
Project("{FAE04EC0-301F-11D3-BF4B-00C04F79EFBC}") = "GOL.Services", "..\Library\Services\GOL.Services.csproj", "{2CACAC66-287C-4041-A10B-838AFC69A7DF}"
EndProject
Project("{FAE04EC0-301F-11D3-BF4B-00C04F79EFBC}") = "GOL.Repositories", "..\Library\Repositories\GOL.Repositories.csproj", "{EEE84951-0459-45E0-89C7-83E5BB8E9363}"
EndProject
Project("{2150E333-8FDC-42A3-9474-1A3956D46DE8}") = "Solution Items", "Solution Items", "{3BFC0AC1-509C-4C83-AC98-E90ED52F908B}"
	ProjectSection(SolutionItems) = preProject
		GameOfLife.vsmdi = GameOfLife.vsmdi
		Local.testsettings = Local.testsettings
		TraceAndTestImpact.testsettings = TraceAndTestImpact.testsettings
	EndProjectSection
EndProject
Project("{FAE04EC0-301F-11D3-BF4B-00C04F79EFBC}") = "GOL.Services.Test", "..\Library\Services.Test\GOL.Services.Test.csproj", "{F9F1CE41-8055-4396-BDA1-5E446ABDB265}"
EndProject
Project("{FAE04EC0-301F-11D3-BF4B-00C04F79EFBC}") = "GOL.Repositories.Test", "..\Library\Repositories.Test\GOL.Repositories.Test.csproj", "{7720D7F0-189E-4EFD-B26E-0145726572A5}"
EndProject
Project("{FAE04EC0-301F-11D3-BF4B-00C04F79EFBC}") = "GOL.Updater.Imperative", "..\Library\Updater.Imperative\GOL.Updater.Imperative.csproj", "{4DC53F4A-4642-4055-B998-AF8C5C499594}"
EndProject
Global
	GlobalSection(TestCaseManagementSettings) = postSolution
		CategoryFile = GameOfLife.vsmdi
	EndGlobalSection
	GlobalSection(SolutionConfigurationPlatforms) = preSolution
		Debug|Any CPU = Debug|Any CPU
		Debug|Mixed Platforms = Debug|Mixed Platforms
		Debug|x86 = Debug|x86
		Release|Any CPU = Release|Any CPU
		Release|Mixed Platforms = Release|Mixed Platforms
		Release|x86 = Release|x86
	EndGlobalSection
	GlobalSection(ProjectConfigurationPlatforms) = postSolution
		{09A8167F-2629-44AC-8C74-B04C46D72C4D}.Debug|Any CPU.ActiveCfg = Debug|x86
		{09A8167F-2629-44AC-8C74-B04C46D72C4D}.Debug|Mixed Platforms.ActiveCfg = Debug|x86
		{09A8167F-2629-44AC-8C74-B04C46D72C4D}.Debug|Mixed Platforms.Build.0 = Debug|x86
		{09A8167F-2629-44AC-8C74-B04C46D72C4D}.Debug|x86.ActiveCfg = Debug|x86
		{09A8167F-2629-44AC-8C74-B04C46D72C4D}.Debug|x86.Build.0 = Debug|x86
		{09A8167F-2629-44AC-8C74-B04C46D72C4D}.Release|Any CPU.ActiveCfg = Release|x86
		{09A8167F-2629-44AC-8C74-B04C46D72C4D}.Release|Mixed Platforms.ActiveCfg = Release|x86
		{09A8167F-2629-44AC-8C74-B04C46D72C4D}.Release|Mixed Platforms.Build.0 = Release|x86
		{09A8167F-2629-44AC-8C74-B04C46D72C4D}.Release|x86.ActiveCfg = Release|x86
		{09A8167F-2629-44AC-8C74-B04C46D72C4D}.Release|x86.Build.0 = Release|x86
		{8B53BE4A-6C60-4CE3-85D1-C43D5FE21150}.Debug|Any CPU.ActiveCfg = Debug|Any CPU
		{8B53BE4A-6C60-4CE3-85D1-C43D5FE21150}.Debug|Any CPU.Build.0 = Debug|Any CPU
		{8B53BE4A-6C60-4CE3-85D1-C43D5FE21150}.Debug|Mixed Platforms.ActiveCfg = Debug|Any CPU
		{8B53BE4A-6C60-4CE3-85D1-C43D5FE21150}.Debug|Mixed Platforms.Build.0 = Debug|Any CPU
		{8B53BE4A-6C60-4CE3-85D1-C43D5FE21150}.Debug|x86.ActiveCfg = Debug|Any CPU
		{8B53BE4A-6C60-4CE3-85D1-C43D5FE21150}.Release|Any CPU.ActiveCfg = Release|Any CPU
		{8B53BE4A-6C60-4CE3-85D1-C43D5FE21150}.Release|Any CPU.Build.0 = Release|Any CPU
		{8B53BE4A-6C60-4CE3-85D1-C43D5FE21150}.Release|Mixed Platforms.ActiveCfg = Release|Any CPU
		{8B53BE4A-6C60-4CE3-85D1-C43D5FE21150}.Release|Mixed Platforms.Build.0 = Release|Any CPU
		{8B53BE4A-6C60-4CE3-85D1-C43D5FE21150}.Release|x86.ActiveCfg = Release|Any CPU
		{D5BF6448-53BB-4C2F-A7E6-B50C65067F71}.Debug|Any CPU.ActiveCfg = Debug|Any CPU
		{D5BF6448-53BB-4C2F-A7E6-B50C65067F71}.Debug|Any CPU.Build.0 = Debug|Any CPU
		{D5BF6448-53BB-4C2F-A7E6-B50C65067F71}.Debug|Mixed Platforms.ActiveCfg = Debug|Any CPU
		{D5BF6448-53BB-4C2F-A7E6-B50C65067F71}.Debug|Mixed Platforms.Build.0 = Debug|Any CPU
		{D5BF6448-53BB-4C2F-A7E6-B50C65067F71}.Debug|x86.ActiveCfg = Debug|Any CPU
		{D5BF6448-53BB-4C2F-A7E6-B50C65067F71}.Release|Any CPU.ActiveCfg = Release|Any CPU
		{D5BF6448-53BB-4C2F-A7E6-B50C65067F71}.Release|Any CPU.Build.0 = Release|Any CPU
		{D5BF6448-53BB-4C2F-A7E6-B50C65067F71}.Release|Mixed Platforms.ActiveCfg = Release|Any CPU
		{D5BF6448-53BB-4C2F-A7E6-B50C65067F71}.Release|Mixed Platforms.Build.0 = Release|Any CPU
		{D5BF6448-53BB-4C2F-A7E6-B50C65067F71}.Release|x86.ActiveCfg = Release|Any CPU
		{2CACAC66-287C-4041-A10B-838AFC69A7DF}.Debug|Any CPU.ActiveCfg = Debug|Any CPU
		{2CACAC66-287C-4041-A10B-838AFC69A7DF}.Debug|Any CPU.Build.0 = Debug|Any CPU
		{2CACAC66-287C-4041-A10B-838AFC69A7DF}.Debug|Mixed Platforms.ActiveCfg = Debug|Any CPU
		{2CACAC66-287C-4041-A10B-838AFC69A7DF}.Debug|Mixed Platforms.Build.0 = Debug|Any CPU
		{2CACAC66-287C-4041-A10B-838AFC69A7DF}.Debug|x86.ActiveCfg = Debug|Any CPU
		{2CACAC66-287C-4041-A10B-838AFC69A7DF}.Release|Any CPU.ActiveCfg = Release|Any CPU
		{2CACAC66-287C-4041-A10B-838AFC69A7DF}.Release|Any CPU.Build.0 = Release|Any CPU
		{2CACAC66-287C-4041-A10B-838AFC69A7DF}.Release|Mixed Platforms.ActiveCfg = Release|Any CPU
		{2CACAC66-287C-4041-A10B-838AFC69A7DF}.Release|Mixed Platforms.Build.0 = Release|Any CPU
		{2CACAC66-287C-4041-A10B-838AFC69A7DF}.Release|x86.ActiveCfg = Release|Any CPU
		{EEE84951-0459-45E0-89C7-83E5BB8E9363}.Debug|Any CPU.ActiveCfg = Debug|Any CPU
		{EEE84951-0459-45E0-89C7-83E5BB8E9363}.Debug|Any CPU.Build.0 = Debug|Any CPU
		{EEE84951-0459-45E0-89C7-83E5BB8E9363}.Debug|Mixed Platforms.ActiveCfg = Debug|Any CPU
		{EEE84951-0459-45E0-89C7-83E5BB8E9363}.Debug|Mixed Platforms.Build.0 = Debug|Any CPU
		{EEE84951-0459-45E0-89C7-83E5BB8E9363}.Debug|x86.ActiveCfg = Debug|Any CPU
		{EEE84951-0459-45E0-89C7-83E5BB8E9363}.Release|Any CPU.ActiveCfg = Release|Any CPU
		{EEE84951-0459-45E0-89C7-83E5BB8E9363}.Release|Any CPU.Build.0 = Release|Any CPU
		{EEE84951-0459-45E0-89C7-83E5BB8E9363}.Release|Mixed Platforms.ActiveCfg = Release|Any CPU
		{EEE84951-0459-45E0-89C7-83E5BB8E9363}.Release|Mixed Platforms.Build.0 = Release|Any CPU
		{EEE84951-0459-45E0-89C7-83E5BB8E9363}.Release|x86.ActiveCfg = Release|Any CPU
		{F9F1CE41-8055-4396-BDA1-5E446ABDB265}.Debug|Any CPU.ActiveCfg = Debug|Any CPU
		{F9F1CE41-8055-4396-BDA1-5E446ABDB265}.Debug|Any CPU.Build.0 = Debug|Any CPU
		{F9F1CE41-8055-4396-BDA1-5E446ABDB265}.Debug|Mixed Platforms.ActiveCfg = Debug|Any CPU
		{F9F1CE41-8055-4396-BDA1-5E446ABDB265}.Debug|Mixed Platforms.Build.0 = Debug|Any CPU
		{F9F1CE41-8055-4396-BDA1-5E446ABDB265}.Debug|x86.ActiveCfg = Debug|Any CPU
		{F9F1CE41-8055-4396-BDA1-5E446ABDB265}.Release|Any CPU.ActiveCfg = Release|Any CPU
		{F9F1CE41-8055-4396-BDA1-5E446ABDB265}.Release|Any CPU.Build.0 = Release|Any CPU
		{F9F1CE41-8055-4396-BDA1-5E446ABDB265}.Release|Mixed Platforms.ActiveCfg = Release|Any CPU
		{F9F1CE41-8055-4396-BDA1-5E446ABDB265}.Release|Mixed Platforms.Build.0 = Release|Any CPU
		{F9F1CE41-8055-4396-BDA1-5E446ABDB265}.Release|x86.ActiveCfg = Release|Any CPU
		{7720D7F0-189E-4EFD-B26E-0145726572A5}.Debug|Any CPU.ActiveCfg = Debug|Any CPU
		{7720D7F0-189E-4EFD-B26E-0145726572A5}.Debug|Any CPU.Build.0 = Debug|Any CPU
		{7720D7F0-189E-4EFD-B26E-0145726572A5}.Debug|Mixed Platforms.ActiveCfg = Debug|Any CPU
		{7720D7F0-189E-4EFD-B26E-0145726572A5}.Debug|Mixed Platforms.Build.0 = Debug|Any CPU
		{7720D7F0-189E-4EFD-B26E-0145726572A5}.Debug|x86.ActiveCfg = Debug|Any CPU
		{7720D7F0-189E-4EFD-B26E-0145726572A5}.Release|Any CPU.ActiveCfg = Release|Any CPU
		{7720D7F0-189E-4EFD-B26E-0145726572A5}.Release|Any CPU.Build.0 = Release|Any CPU
		{7720D7F0-189E-4EFD-B26E-0145726572A5}.Release|Mixed Platforms.ActiveCfg = Release|Any CPU
		{7720D7F0-189E-4EFD-B26E-0145726572A5}.Release|Mixed Platforms.Build.0 = Release|Any CPU
		{7720D7F0-189E-4EFD-B26E-0145726572A5}.Release|x86.ActiveCfg = Release|Any CPU
		{4DC53F4A-4642-4055-B998-AF8C5C499594}.Debug|Any CPU.ActiveCfg = Debug|Any CPU
		{4DC53F4A-4642-4055-B998-AF8C5C499594}.Debug|Any CPU.Build.0 = Debug|Any CPU
		{4DC53F4A-4642-4055-B998-AF8C5C499594}.Debug|Mixed Platforms.ActiveCfg = Debug|Any CPU
		{4DC53F4A-4642-4055-B998-AF8C5C499594}.Debug|Mixed Platforms.Build.0 = Debug|Any CPU
		{4DC53F4A-4642-4055-B998-AF8C5C499594}.Debug|x86.ActiveCfg = Debug|Any CPU
		{4DC53F4A-4642-4055-B998-AF8C5C499594}.Release|Any CPU.ActiveCfg = Release|Any CPU
		{4DC53F4A-4642-4055-B998-AF8C5C499594}.Release|Any CPU.Build.0 = Release|Any CPU
		{4DC53F4A-4642-4055-B998-AF8C5C499594}.Release|Mixed Platforms.ActiveCfg = Release|Any CPU
		{4DC53F4A-4642-4055-B998-AF8C5C499594}.Release|Mixed Platforms.Build.0 = Release|Any CPU
		{4DC53F4A-4642-4055-B998-AF8C5C499594}.Release|x86.ActiveCfg = Release|Any CPU
	EndGlobalSection
	GlobalSection(SolutionProperties) = preSolution
		HideSolutionNode = FALSE
	EndGlobalSection
EndGlobal
